// !$*UTF8*$!
{
	archiveVersion = 1;
	classes = {
	};
	objectVersion = 50;
	objects = {

/* Begin PBXBuildFile section */
		9F30DD4C2371D0AD0006E94C /* AppDelegate.swift in Sources */ = {isa = PBXBuildFile; fileRef = 9F30DD4B2371D0AD0006E94C /* AppDelegate.swift */; };
		9F30DD4E2371D0AD0006E94C /* ViewController.swift in Sources */ = {isa = PBXBuildFile; fileRef = 9F30DD4D2371D0AD0006E94C /* ViewController.swift */; };
		9F30DD512371D0AD0006E94C /* Main.storyboard in Resources */ = {isa = PBXBuildFile; fileRef = 9F30DD4F2371D0AD0006E94C /* Main.storyboard */; };
		9F30DD532371D0AE0006E94C /* Assets.xcassets in Resources */ = {isa = PBXBuildFile; fileRef = 9F30DD522371D0AE0006E94C /* Assets.xcassets */; };
		9F30DD562371D0AE0006E94C /* LaunchScreen.storyboard in Resources */ = {isa = PBXBuildFile; fileRef = 9F30DD542371D0AE0006E94C /* LaunchScreen.storyboard */; };
		9F30DD612371D0AF0006E94C /* RxSwiftStudyTests.swift in Sources */ = {isa = PBXBuildFile; fileRef = 9F30DD602371D0AF0006E94C /* RxSwiftStudyTests.swift */; };
		9F30DD6C2371D0AF0006E94C /* RxSwiftStudyUITests.swift in Sources */ = {isa = PBXBuildFile; fileRef = 9F30DD6B2371D0AF0006E94C /* RxSwiftStudyUITests.swift */; };
/* End PBXBuildFile section */

/* Begin PBXContainerItemProxy section */
		9F30DD5D2371D0AF0006E94C /* PBXContainerItemProxy */ = {
			isa = PBXContainerItemProxy;
			containerPortal = 9F30DD402371D0AD0006E94C /* Project object */;
			proxyType = 1;
			remoteGlobalIDString = 9F30DD472371D0AD0006E94C;
			remoteInfo = RxSwiftStudy;
		};
		9F30DD682371D0AF0006E94C /* PBXContainerItemProxy */ = {
			isa = PBXContainerItemProxy;
			containerPortal = 9F30DD402371D0AD0006E94C /* Project object */;
			proxyType = 1;
			remoteGlobalIDString = 9F30DD472371D0AD0006E94C;
			remoteInfo = RxSwiftStudy;
		};
/* End PBXContainerItemProxy section */

/* Begin PBXFileReference section */
		9F30DD482371D0AD0006E94C /* RxSwiftStudy.app */ = {isa = PBXFileReference; explicitFileType = wrapper.application; includeInIndex = 0; path = RxSwiftStudy.app; sourceTree = BUILT_PRODUCTS_DIR; };
		9F30DD4B2371D0AD0006E94C /* AppDelegate.swift */ = {isa = PBXFileReference; lastKnownFileType = sourcecode.swift; path = AppDelegate.swift; sourceTree = "<group>"; };
		9F30DD4D2371D0AD0006E94C /* ViewController.swift */ = {isa = PBXFileReference; lastKnownFileType = sourcecode.swift; path = ViewController.swift; sourceTree = "<group>"; };
		9F30DD502371D0AD0006E94C /* Base */ = {isa = PBXFileReference; lastKnownFileType = file.storyboard; name = Base; path = Base.lproj/Main.storyboard; sourceTree = "<group>"; };
		9F30DD522371D0AE0006E94C /* Assets.xcassets */ = {isa = PBXFileReference; lastKnownFileType = folder.assetcatalog; path = Assets.xcassets; sourceTree = "<group>"; };
		9F30DD552371D0AE0006E94C /* Base */ = {isa = PBXFileReference; lastKnownFileType = file.storyboard; name = Base; path = Base.lproj/LaunchScreen.storyboard; sourceTree = "<group>"; };
		9F30DD572371D0AE0006E94C /* Info.plist */ = {isa = PBXFileReference; lastKnownFileType = text.plist.xml; path = Info.plist; sourceTree = "<group>"; };
		9F30DD5C2371D0AF0006E94C /* RxSwiftStudyTests.xctest */ = {isa = PBXFileReference; explicitFileType = wrapper.cfbundle; includeInIndex = 0; path = RxSwiftStudyTests.xctest; sourceTree = BUILT_PRODUCTS_DIR; };
		9F30DD602371D0AF0006E94C /* RxSwiftStudyTests.swift */ = {isa = PBXFileReference; lastKnownFileType = sourcecode.swift; path = RxSwiftStudyTests.swift; sourceTree = "<group>"; };
		9F30DD622371D0AF0006E94C /* Info.plist */ = {isa = PBXFileReference; lastKnownFileType = text.plist.xml; path = Info.plist; sourceTree = "<group>"; };
		9F30DD672371D0AF0006E94C /* RxSwiftStudyUITests.xctest */ = {isa = PBXFileReference; explicitFileType = wrapper.cfbundle; includeInIndex = 0; path = RxSwiftStudyUITests.xctest; sourceTree = BUILT_PRODUCTS_DIR; };
		9F30DD6B2371D0AF0006E94C /* RxSwiftStudyUITests.swift */ = {isa = PBXFileReference; lastKnownFileType = sourcecode.swift; path = RxSwiftStudyUITests.swift; sourceTree = "<group>"; };
		9F30DD6D2371D0AF0006E94C /* Info.plist */ = {isa = PBXFileReference; lastKnownFileType = text.plist.xml; path = Info.plist; sourceTree = "<group>"; };
/* End PBXFileReference section */

/* Begin PBXFrameworksBuildPhase section */
		9F30DD452371D0AD0006E94C /* Frameworks */ = {
			isa = PBXFrameworksBuildPhase;
			buildActionMask = 2147483647;
			files = (
			);
			runOnlyForDeploymentPostprocessing = 0;
		};
		9F30DD592371D0AF0006E94C /* Frameworks */ = {
			isa = PBXFrameworksBuildPhase;
			buildActionMask = 2147483647;
			files = (
			);
			runOnlyForDeploymentPostprocessing = 0;
		};
		9F30DD642371D0AF0006E94C /* Frameworks */ = {
			isa = PBXFrameworksBuildPhase;
			buildActionMask = 2147483647;
			files = (
			);
			runOnlyForDeploymentPostprocessing = 0;
		};
/* End PBXFrameworksBuildPhase section */

/* Begin PBXGroup section */
		9F30DD3F2371D0AD0006E94C = {
			isa = PBXGroup;
			children = (
				9F30DD4A2371D0AD0006E94C /* RxSwiftStudy */,
				9F30DD5F2371D0AF0006E94C /* RxSwiftStudyTests */,
				9F30DD6A2371D0AF0006E94C /* RxSwiftStudyUITests */,
				9F30DD492371D0AD0006E94C /* Products */,
			);
			sourceTree = "<group>";
		};
		9F30DD492371D0AD0006E94C /* Products */ = {
			isa = PBXGroup;
			children = (
				9F30DD482371D0AD0006E94C /* RxSwiftStudy.app */,
				9F30DD5C2371D0AF0006E94C /* RxSwiftStudyTests.xctest */,
				9F30DD672371D0AF0006E94C /* RxSwiftStudyUITests.xctest */,
			);
			name = Products;
			sourceTree = "<group>";
		};
		9F30DD4A2371D0AD0006E94C /* RxSwiftStudy */ = {
			isa = PBXGroup;
			children = (
				9F30DD4B2371D0AD0006E94C /* AppDelegate.swift */,
				9F30DD4D2371D0AD0006E94C /* ViewController.swift */,
				9F30DD4F2371D0AD0006E94C /* Main.storyboard */,
				9F30DD522371D0AE0006E94C /* Assets.xcassets */,
				9F30DD542371D0AE0006E94C /* LaunchScreen.storyboard */,
				9F30DD572371D0AE0006E94C /* Info.plist */,
			);
			path = RxSwiftStudy;
			sourceTree = "<group>";
		};
		9F30DD5F2371D0AF0006E94C /* RxSwiftStudyTests */ = {
			isa = PBXGroup;
			children = (
				9F30DD602371D0AF0006E94C /* RxSwiftStudyTests.swift */,
				9F30DD622371D0AF0006E94C /* Info.plist */,
			);
			path = RxSwiftStudyTests;
			sourceTree = "<group>";
		};
		9F30DD6A2371D0AF0006E94C /* RxSwiftStudyUITests */ = {
			isa = PBXGroup;
			children = (
				9F30DD6B2371D0AF0006E94C /* RxSwiftStudyUITests.swift */,
				9F30DD6D2371D0AF0006E94C /* Info.plist */,
			);
			path = RxSwiftStudyUITests;
			sourceTree = "<group>";
		};
/* End PBXGroup section */

/* Begin PBXNativeTarget section */
		9F30DD472371D0AD0006E94C /* RxSwiftStudy */ = {
			isa = PBXNativeTarget;
			buildConfigurationList = 9F30DD702371D0AF0006E94C /* Build configuration list for PBXNativeTarget "RxSwiftStudy" */;
			buildPhases = (
				9F30DD442371D0AD0006E94C /* Sources */,
				9F30DD452371D0AD0006E94C /* Frameworks */,
				9F30DD462371D0AD0006E94C /* Resources */,
			);
			buildRules = (
			);
			dependencies = (
			);
			name = RxSwiftStudy;
			productName = RxSwiftStudy;
			productReference = 9F30DD482371D0AD0006E94C /* RxSwiftStudy.app */;
			productType = "com.apple.product-type.application";
		};
		9F30DD5B2371D0AF0006E94C /* RxSwiftStudyTests */ = {
			isa = PBXNativeTarget;
			buildConfigurationList = 9F30DD732371D0AF0006E94C /* Build configuration list for PBXNativeTarget "RxSwiftStudyTests" */;
			buildPhases = (
				9F30DD582371D0AF0006E94C /* Sources */,
				9F30DD592371D0AF0006E94C /* Frameworks */,
				9F30DD5A2371D0AF0006E94C /* Resources */,
			);
			buildRules = (
			);
			dependencies = (
				9F30DD5E2371D0AF0006E94C /* PBXTargetDependency */,
			);
			name = RxSwiftStudyTests;
			productName = RxSwiftStudyTests;
			productReference = 9F30DD5C2371D0AF0006E94C /* RxSwiftStudyTests.xctest */;
			productType = "com.apple.product-type.bundle.unit-test";
		};
		9F30DD662371D0AF0006E94C /* RxSwiftStudyUITests */ = {
			isa = PBXNativeTarget;
			buildConfigurationList = 9F30DD762371D0AF0006E94C /* Build configuration list for PBXNativeTarget "RxSwiftStudyUITests" */;
			buildPhases = (
				9F30DD632371D0AF0006E94C /* Sources */,
				9F30DD642371D0AF0006E94C /* Frameworks */,
				9F30DD652371D0AF0006E94C /* Resources */,
			);
			buildRules = (
			);
			dependencies = (
				9F30DD692371D0AF0006E94C /* PBXTargetDependency */,
			);
			name = RxSwiftStudyUITests;
			productName = RxSwiftStudyUITests;
			productReference = 9F30DD672371D0AF0006E94C /* RxSwiftStudyUITests.xctest */;
			productType = "com.apple.product-type.bundle.ui-testing";
		};
/* End PBXNativeTarget section */

/* Begin PBXProject section */
		9F30DD402371D0AD0006E94C /* Project object */ = {
			isa = PBXProject;
			attributes = {
				LastSwiftUpdateCheck = 1020;
				LastUpgradeCheck = 1020;
				ORGANIZATIONNAME = cjyang;
				TargetAttributes = {
					9F30DD472371D0AD0006E94C = {
						CreatedOnToolsVersion = 10.2.1;
					};
					9F30DD5B2371D0AF0006E94C = {
						CreatedOnToolsVersion = 10.2.1;
						TestTargetID = 9F30DD472371D0AD0006E94C;
					};
					9F30DD662371D0AF0006E94C = {
						CreatedOnToolsVersion = 10.2.1;
						TestTargetID = 9F30DD472371D0AD0006E94C;
					};
				};
			};
			buildConfigurationList = 9F30DD432371D0AD0006E94C /* Build configuration list for PBXProject "RxSwiftStudy" */;
			compatibilityVersion = "Xcode 9.3";
			developmentRegion = en;
			hasScannedForEncodings = 0;
			knownRegions = (
				en,
				Base,
			);
			mainGroup = 9F30DD3F2371D0AD0006E94C;
			productRefGroup = 9F30DD492371D0AD0006E94C /* Products */;
			projectDirPath = "";
			projectRoot = "";
			targets = (
				9F30DD472371D0AD0006E94C /* RxSwiftStudy */,
				9F30DD5B2371D0AF0006E94C /* RxSwiftStudyTests */,
				9F30DD662371D0AF0006E94C /* RxSwiftStudyUITests */,
			);
		};
/* End PBXProject section */

/* Begin PBXResourcesBuildPhase section */
		9F30DD462371D0AD0006E94C /* Resources */ = {
			isa = PBXResourcesBuildPhase;
			buildActionMask = 2147483647;
			files = (
				9F30DD562371D0AE0006E94C /* LaunchScreen.storyboard in Resources */,
				9F30DD532371D0AE0006E94C /* Assets.xcassets in Resources */,
				9F30DD512371D0AD0006E94C /* Main.storyboard in Resources */,
			);
			runOnlyForDeploymentPostprocessing = 0;
		};
		9F30DD5A2371D0AF0006E94C /* Resources */ = {
			isa = PBXResourcesBuildPhase;
			buildActionMask = 2147483647;
			files = (
			);
			runOnlyForDeploymentPostprocessing = 0;
		};
		9F30DD652371D0AF0006E94C /* Resources */ = {
			isa = PBXResourcesBuildPhase;
			buildActionMask = 2147483647;
			files = (
			);
			runOnlyForDeploymentPostprocessing = 0;
		};
/* End PBXResourcesBuildPhase section */

/* Begin PBXSourcesBuildPhase section */
		9F30DD442371D0AD0006E94C /* Sources */ = {
			isa = PBXSourcesBuildPhase;
			buildActionMask = 2147483647;
			files = (
				9F30DD4E2371D0AD0006E94C /* ViewController.swift in Sources */,
				9F30DD4C2371D0AD0006E94C /* AppDelegate.swift in Sources */,
			);
			runOnlyForDeploymentPostprocessing = 0;
		};
		9F30DD582371D0AF0006E94C /* Sources */ = {
			isa = PBXSourcesBuildPhase;
			buildActionMask = 2147483647;
			files = (
				9F30DD612371D0AF0006E94C /* RxSwiftStudyTests.swift in Sources */,
			);
			runOnlyForDeploymentPostprocessing = 0;
		};
		9F30DD632371D0AF0006E94C /* Sources */ = {
			isa = PBXSourcesBuildPhase;
			buildActionMask = 2147483647;
			files = (
				9F30DD6C2371D0AF0006E94C /* RxSwiftStudyUITests.swift in Sources */,
			);
			runOnlyForDeploymentPostprocessing = 0;
		};
/* End PBXSourcesBuildPhase section */

/* Begin PBXTargetDependency section */
		9F30DD5E2371D0AF0006E94C /* PBXTargetDependency */ = {
			isa = PBXTargetDependency;
			target = 9F30DD472371D0AD0006E94C /* RxSwiftStudy */;
			targetProxy = 9F30DD5D2371D0AF0006E94C /* PBXContainerItemProxy */;
		};
		9F30DD692371D0AF0006E94C /* PBXTargetDependency */ = {
			isa = PBXTargetDependency;
			target = 9F30DD472371D0AD0006E94C /* RxSwiftStudy */;
			targetProxy = 9F30DD682371D0AF0006E94C /* PBXContainerItemProxy */;
		};
/* End PBXTargetDependency section */

/* Begin PBXVariantGroup section */
		9F30DD4F2371D0AD0006E94C /* Main.storyboard */ = {
			isa = PBXVariantGroup;
			children = (
				9F30DD502371D0AD0006E94C /* Base */,
			);
			name = Main.storyboard;
			sourceTree = "<group>";
		};
		9F30DD542371D0AE0006E94C /* LaunchScreen.storyboard */ = {
			isa = PBXVariantGroup;
			children = (
				9F30DD552371D0AE0006E94C /* Base */,
			);
			name = LaunchScreen.storyboard;
			sourceTree = "<group>";
		};
/* End PBXVariantGroup section */

/* Begin XCBuildConfiguration section */
		9F30DD6E2371D0AF0006E94C /* Debug */ = {
			isa = XCBuildConfiguration;
			buildSettings = {
				ALWAYS_SEARCH_USER_PATHS = NO;
				CLANG_ANALYZER_NONNULL = YES;
				CLANG_ANALYZER_NUMBER_OBJECT_CONVERSION = YES_AGGRESSIVE;
				CLANG_CXX_LANGUAGE_STANDARD = "gnu++14";
				CLANG_CXX_LIBRARY = "libc++";
				CLANG_ENABLE_MODULES = YES;
				CLANG_ENABLE_OBJC_ARC = YES;
				CLANG_ENABLE_OBJC_WEAK = YES;
				CLANG_WARN_BLOCK_CAPTURE_AUTORELEASING = YES;
				CLANG_WARN_BOOL_CONVERSION = YES;
				CLANG_WARN_COMMA = YES;
				CLANG_WARN_CONSTANT_CONVERSION = YES;
				CLANG_WARN_DEPRECATED_OBJC_IMPLEMENTATIONS = YES;
				CLANG_WARN_DIRECT_OBJC_ISA_USAGE = YES_ERROR;
				CLANG_WARN_DOCUMENTATION_COMMENTS = YES;
				CLANG_WARN_EMPTY_BODY = YES;
				CLANG_WARN_ENUM_CONVERSION = YES;
				CLANG_WARN_INFINITE_RECURSION = YES;
				CLANG_WARN_INT_CONVERSION = YES;
				CLANG_WARN_NON_LITERAL_NULL_CONVERSION = YES;
				CLANG_WARN_OBJC_IMPLICIT_RETAIN_SELF = YES;
				CLANG_WARN_OBJC_LITERAL_CONVERSION = YES;
				CLANG_WARN_OBJC_ROOT_CLASS = YES_ERROR;
				CLANG_WARN_RANGE_LOOP_ANALYSIS = YES;
				CLANG_WARN_STRICT_PROTOTYPES = YES;
				CLANG_WARN_SUSPICIOUS_MOVE = YES;
				CLANG_WARN_UNGUARDED_AVAILABILITY = YES_AGGRESSIVE;
				CLANG_WARN_UNREACHABLE_CODE = YES;
				CLANG_WARN__DUPLICATE_METHOD_MATCH = YES;
				CODE_SIGN_IDENTITY = "iPhone Developer";
				COPY_PHASE_STRIP = NO;
				DEBUG_INFORMATION_FORMAT = dwarf;
				ENABLE_STRICT_OBJC_MSGSEND = YES;
				ENABLE_TESTABILITY = YES;
				GCC_C_LANGUAGE_STANDARD = gnu11;
				GCC_DYNAMIC_NO_PIC = NO;
				GCC_NO_COMMON_BLOCKS = YES;
				GCC_OPTIMIZATION_LEVEL = 0;
				GCC_PREPROCESSOR_DEFINITIONS = (
					"DEBUG=1",
					"$(inherited)",
				);
				GCC_WARN_64_TO_32_BIT_CONVERSION = YES;
				GCC_WARN_ABOUT_RETURN_TYPE = YES_ERROR;
				GCC_WARN_UNDECLARED_SELECTOR = YES;
				GCC_WARN_UNINITIALIZED_AUTOS = YES_AGGRESSIVE;
				GCC_WARN_UNUSED_FUNCTION = YES;
				GCC_WARN_UNUSED_VARIABLE = YES;
				IPHONEOS_DEPLOYMENT_TARGET = 12.2;
				MTL_ENABLE_DEBUG_INFO = INCLUDE_SOURCE;
				MTL_FAST_MATH = YES;
				ONLY_ACTIVE_ARCH = YES;
				SDKROOT = iphoneos;
				SWIFT_ACTIVE_COMPILATION_CONDITIONS = DEBUG;
				SWIFT_OPTIMIZATION_LEVEL = "-Onone";
			};
			name = Debug;
		};
		9F30DD6F2371D0AF0006E94C /* Release */ = {
			isa = XCBuildConfiguration;
			buildSettings = {
				ALWAYS_SEARCH_USER_PATHS = NO;
				CLANG_ANALYZER_NONNULL = YES;
				CLANG_ANALYZER_NUMBER_OBJECT_CONVERSION = YES_AGGRESSIVE;
				CLANG_CXX_LANGUAGE_STANDARD = "gnu++14";
				CLANG_CXX_LIBRARY = "libc++";
				CLANG_ENABLE_MODULES = YES;
				CLANG_ENABLE_OBJC_ARC = YES;
				CLANG_ENABLE_OBJC_WEAK = YES;
				CLANG_WARN_BLOCK_CAPTURE_AUTORELEASING = YES;
				CLANG_WARN_BOOL_CONVERSION = YES;
				CLANG_WARN_COMMA = YES;
				CLANG_WARN_CONSTANT_CONVERSION = YES;
				CLANG_WARN_DEPRECATED_OBJC_IMPLEMENTATIONS = YES;
				CLANG_WARN_DIRECT_OBJC_ISA_USAGE = YES_ERROR;
				CLANG_WARN_DOCUMENTATION_COMMENTS = YES;
				CLANG_WARN_EMPTY_BODY = YES;
				CLANG_WARN_ENUM_CONVERSION = YES;
				CLANG_WARN_INFINITE_RECURSION = YES;
				CLANG_WARN_INT_CONVERSION = YES;
				CLANG_WARN_NON_LITERAL_NULL_CONVERSION = YES;
				CLANG_WARN_OBJC_IMPLICIT_RETAIN_SELF = YES;
				CLANG_WARN_OBJC_LITERAL_CONVERSION = YES;
				CLANG_WARN_OBJC_ROOT_CLASS = YES_ERROR;
				CLANG_WARN_RANGE_LOOP_ANALYSIS = YES;
				CLANG_WARN_STRICT_PROTOTYPES = YES;
				CLANG_WARN_SUSPICIOUS_MOVE = YES;
				CLANG_WARN_UNGUARDED_AVAILABILITY = YES_AGGRESSIVE;
				CLANG_WARN_UNREACHABLE_CODE = YES;
				CLANG_WARN__DUPLICATE_METHOD_MATCH = YES;
				CODE_SIGN_IDENTITY = "iPhone Developer";
				COPY_PHASE_STRIP = NO;
				DEBUG_INFORMATION_FORMAT = "dwarf-with-dsym";
				ENABLE_NS_ASSERTIONS = NO;
				ENABLE_STRICT_OBJC_MSGSEND = YES;
				GCC_C_LANGUAGE_STANDARD = gnu11;
				GCC_NO_COMMON_BLOCKS = YES;
				GCC_WARN_64_TO_32_BIT_CONVERSION = YES;
				GCC_WARN_ABOUT_RETURN_TYPE = YES_ERROR;
				GCC_WARN_UNDECLARED_SELECTOR = YES;
				GCC_WARN_UNINITIALIZED_AUTOS = YES_AGGRESSIVE;
				GCC_WARN_UNUSED_FUNCTION = YES;
				GCC_WARN_UNUSED_VARIABLE = YES;
				IPHONEOS_DEPLOYMENT_TARGET = 12.2;
				MTL_ENABLE_DEBUG_INFO = NO;
				MTL_FAST_MATH = YES;
				SDKROOT = iphoneos;
				SWIFT_COMPILATION_MODE = wholemodule;
				SWIFT_OPTIMIZATION_LEVEL = "-O";
				VALIDATE_PRODUCT = YES;
			};
			name = Release;
		};
		9F30DD712371D0AF0006E94C /* Debug */ = {
			isa = XCBuildConfiguration;
			buildSettings = {
				ASSETCATALOG_COMPILER_APPICON_NAME = AppIcon;
				CODE_SIGN_STYLE = Automatic;
				INFOPLIST_FILE = RxSwiftStudy/Info.plist;
				LD_RUNPATH_SEARCH_PATHS = (
					"$(inherited)",
					"@executable_path/Frameworks",
				);
				PRODUCT_BUNDLE_IDENTIFIER = com.yang.RxSwiftStudy;
				PRODUCT_NAME = "$(TARGET_NAME)";
				SWIFT_VERSION = 5.0;
				TARGETED_DEVICE_FAMILY = "1,2";
			};
			name = Debug;
		};
		9F30DD722371D0AF0006E94C /* Release */ = {
			isa = XCBuildConfiguration;
			buildSettings = {
				ASSETCATALOG_COMPILER_APPICON_NAME = AppIcon;
				CODE_SIGN_STYLE = Automatic;
				INFOPLIST_FILE = RxSwiftStudy/Info.plist;
				LD_RUNPATH_SEARCH_PATHS = (
					"$(inherited)",
					"@executable_path/Frameworks",
				);
				PRODUCT_BUNDLE_IDENTIFIER = com.yang.RxSwiftStudy;
				PRODUCT_NAME = "$(TARGET_NAME)";
				SWIFT_VERSION = 5.0;
				TARGETED_DEVICE_FAMILY = "1,2";
			};
			name = Release;
		};
		9F30DD742371D0AF0006E94C /* Debug */ = {
			isa = XCBuildConfiguration;
			buildSettings = {
				ALWAYS_EMBED_SWIFT_STANDARD_LIBRARIES = YES;
				BUNDLE_LOADER = "$(TEST_HOST)";
				CODE_SIGN_STYLE = Automatic;
				INFOPLIST_FILE = RxSwiftStudyTests/Info.plist;
				LD_RUNPATH_SEARCH_PATHS = (
					"$(inherited)",
					"@executable_path/Frameworks",
					"@loader_path/Frameworks",
				);
				PRODUCT_BUNDLE_IDENTIFIER = com.yang.RxSwiftStudyTests;
				PRODUCT_NAME = "$(TARGET_NAME)";
				SWIFT_VERSION = 5.0;
				TARGETED_DEVICE_FAMILY = "1,2";
				TEST_HOST = "$(BUILT_PRODUCTS_DIR)/RxSwiftStudy.app/RxSwiftStudy";
			};
			name = Debug;
		};
		9F30DD752371D0AF0006E94C /* Release */ = {
			isa = XCBuildConfiguration;
			buildSettings = {
				ALWAYS_EMBED_SWIFT_STANDARD_LIBRARIES = YES;
				BUNDLE_LOADER = "$(TEST_HOST)";
				CODE_SIGN_STYLE = Automatic;
				INFOPLIST_FILE = RxSwiftStudyTests/Info.plist;
				LD_RUNPATH_SEARCH_PATHS = (
					"$(inherited)",
					"@executable_path/Frameworks",
					"@loader_path/Frameworks",
				);
				PRODUCT_BUNDLE_IDENTIFIER = com.yang.RxSwiftStudyTests;
				PRODUCT_NAME = "$(TARGET_NAME)";
				SWIFT_VERSION = 5.0;
				TARGETED_DEVICE_FAMILY = "1,2";
				TEST_HOST = "$(BUILT_PRODUCTS_DIR)/RxSwiftStudy.app/RxSwiftStudy";
			};
			name = Release;
		};
		9F30DD772371D0AF0006E94C /* Debug */ = {
			isa = XCBuildConfiguration;
			buildSettings = {
				ALWAYS_EMBED_SWIFT_STANDARD_LIBRARIES = YES;
				CODE_SIGN_STYLE = Automatic;
				INFOPLIST_FILE = RxSwiftStudyUITests/Info.plist;
				LD_RUNPATH_SEARCH_PATHS = (
					"$(inherited)",
					"@executable_path/Frameworks",
					"@loader_path/Frameworks",
				);
				PRODUCT_BUNDLE_IDENTIFIER = com.yang.RxSwiftStudyUITests;
				PRODUCT_NAME = "$(TARGET_NAME)";
				SWIFT_VERSION = 5.0;
				TARGETED_DEVICE_FAMILY = "1,2";
				TEST_TARGET_NAME = RxSwiftStudy;
			};
			name = Debug;
		};
		9F30DD782371D0AF0006E94C /* Release */ = {
			isa = XCBuildConfiguration;
			buildSettings = {
				ALWAYS_EMBED_SWIFT_STANDARD_LIBRARIES = YES;
				CODE_SIGN_STYLE = Automatic;
				INFOPLIST_FILE = RxSwiftStudyUITests/Info.plist;
				LD_RUNPATH_SEARCH_PATHS = (
					"$(inherited)",
					"@executable_path/Frameworks",
					"@loader_path/Frameworks",
				);
				PRODUCT_BUNDLE_IDENTIFIER = com.yang.RxSwiftStudyUITests;
				PRODUCT_NAME = "$(TARGET_NAME)";
				SWIFT_VERSION = 5.0;
				TARGETED_DEVICE_FAMILY = "1,2";
				TEST_TARGET_NAME = RxSwiftStudy;
			};
			name = Release;
		};
/* End XCBuildConfiguration section */

/* Begin XCConfigurationList section */
		9F30DD432371D0AD0006E94C /* Build configuration list for PBXProject "RxSwiftStudy" */ = {
			isa = XCConfigurationList;
			buildConfigurations = (
				9F30DD6E2371D0AF0006E94C /* Debug */,
				9F30DD6F2371D0AF0006E94C /* Release */,
			);
			defaultConfigurationIsVisible = 0;
			defaultConfigurationName = Release;
		};
		9F30DD702371D0AF0006E94C /* Build configuration list for PBXNativeTarget "RxSwiftStudy" */ = {
			isa = XCConfigurationList;
			buildConfigurations = (
				9F30DD712371D0AF0006E94C /* Debug */,
				9F30DD722371D0AF0006E94C /* Release */,
			);
			defaultConfigurationIsVisible = 0;
			defaultConfigurationName = Release;
		};
		9F30DD732371D0AF0006E94C /* Build configuration list for PBXNativeTarget "RxSwiftStudyTests" */ = {
			isa = XCConfigurationList;
			buildConfigurations = (
				9F30DD742371D0AF0006E94C /* Debug */,
				9F30DD752371D0AF0006E94C /* Release */,
			);
			defaultConfigurationIsVisible = 0;
			defaultConfigurationName = Release;
		};
		9F30DD762371D0AF0006E94C /* Build configuration list for PBXNativeTarget "RxSwiftStudyUITests" */ = {
			isa = XCConfigurationList;
			buildConfigurations = (
				9F30DD772371D0AF0006E94C /* Debug */,
				9F30DD782371D0AF0006E94C /* Release */,
			);
			defaultConfigurationIsVisible = 0;
			defaultConfigurationName = Release;
		};
/* End XCConfigurationList section */
	};
	rootObject = 9F30DD402371D0AD0006E94C /* Project object */;
}
