// !$*UTF8*$!
{
	archiveVersion = 1;
	classes = {
	};
	objectVersion = 50;
	objects = {

/* Begin PBXBuildFile section */
		2D6E494C2398CA3100F76915 /* AppDelegate.swift in Sources */ = {isa = PBXBuildFile; fileRef = 2D6E494B2398CA3100F76915 /* AppDelegate.swift */; };
		2D6E494E2398CA3100F76915 /* ViewController.swift in Sources */ = {isa = PBXBuildFile; fileRef = 2D6E494D2398CA3100F76915 /* ViewController.swift */; };
		2D6E49512398CA3100F76915 /* Main.storyboard in Resources */ = {isa = PBXBuildFile; fileRef = 2D6E494F2398CA3100F76915 /* Main.storyboard */; };
		2D6E49532398CA3100F76915 /* Assets.xcassets in Resources */ = {isa = PBXBuildFile; fileRef = 2D6E49522398CA3100F76915 /* Assets.xcassets */; };
		2D6E49562398CA3100F76915 /* LaunchScreen.storyboard in Resources */ = {isa = PBXBuildFile; fileRef = 2D6E49542398CA3100F76915 /* LaunchScreen.storyboard */; };
		2D6E49612398CA3200F76915 /* RxSwiftStudyTests.swift in Sources */ = {isa = PBXBuildFile; fileRef = 2D6E49602398CA3200F76915 /* RxSwiftStudyTests.swift */; };
		3AC454C5BC4E64E90CE9553A /* Pods_RxSwiftStudy.framework in Frameworks */ = {isa = PBXBuildFile; fileRef = 0B39D0F01C41EF82BB8BC9D5 /* Pods_RxSwiftStudy.framework */; };
		F8D954EBB07EED166B07244F /* Pods_RxSwiftStudyTests.framework in Frameworks */ = {isa = PBXBuildFile; fileRef = 1EC42737FD1232874BEB6CDE /* Pods_RxSwiftStudyTests.framework */; };
/* End PBXBuildFile section */

/* Begin PBXContainerItemProxy section */
		2D6E495D2398CA3200F76915 /* PBXContainerItemProxy */ = {
			isa = PBXContainerItemProxy;
			containerPortal = 2D6E49402398CA3100F76915 /* Project object */;
			proxyType = 1;
			remoteGlobalIDString = 2D6E49472398CA3100F76915;
			remoteInfo = RxSwiftStudy;
		};
/* End PBXContainerItemProxy section */

/* Begin PBXFileReference section */
		0B39D0F01C41EF82BB8BC9D5 /* Pods_RxSwiftStudy.framework */ = {isa = PBXFileReference; explicitFileType = wrapper.framework; includeInIndex = 0; path = Pods_RxSwiftStudy.framework; sourceTree = BUILT_PRODUCTS_DIR; };
		1042F694BEF96ACA4E290A84 /* Pods-RxSwiftStudy.debug.xcconfig */ = {isa = PBXFileReference; includeInIndex = 1; lastKnownFileType = text.xcconfig; name = "Pods-RxSwiftStudy.debug.xcconfig"; path = "Target Support Files/Pods-RxSwiftStudy/Pods-RxSwiftStudy.debug.xcconfig"; sourceTree = "<group>"; };
		1EC42737FD1232874BEB6CDE /* Pods_RxSwiftStudyTests.framework */ = {isa = PBXFileReference; explicitFileType = wrapper.framework; includeInIndex = 0; path = Pods_RxSwiftStudyTests.framework; sourceTree = BUILT_PRODUCTS_DIR; };
		2D6E49482398CA3100F76915 /* RxSwiftStudy.app */ = {isa = PBXFileReference; explicitFileType = wrapper.application; includeInIndex = 0; path = RxSwiftStudy.app; sourceTree = BUILT_PRODUCTS_DIR; };
		2D6E494B2398CA3100F76915 /* AppDelegate.swift */ = {isa = PBXFileReference; lastKnownFileType = sourcecode.swift; path = AppDelegate.swift; sourceTree = "<group>"; };
		2D6E494D2398CA3100F76915 /* ViewController.swift */ = {isa = PBXFileReference; lastKnownFileType = sourcecode.swift; path = ViewController.swift; sourceTree = "<group>"; };
		2D6E49502398CA3100F76915 /* Base */ = {isa = PBXFileReference; lastKnownFileType = file.storyboard; name = Base; path = Base.lproj/Main.storyboard; sourceTree = "<group>"; };
		2D6E49522398CA3100F76915 /* Assets.xcassets */ = {isa = PBXFileReference; lastKnownFileType = folder.assetcatalog; path = Assets.xcassets; sourceTree = "<group>"; };
		2D6E49552398CA3100F76915 /* Base */ = {isa = PBXFileReference; lastKnownFileType = file.storyboard; name = Base; path = Base.lproj/LaunchScreen.storyboard; sourceTree = "<group>"; };
		2D6E49572398CA3100F76915 /* Info.plist */ = {isa = PBXFileReference; lastKnownFileType = text.plist.xml; path = Info.plist; sourceTree = "<group>"; };
		2D6E495C2398CA3200F76915 /* RxSwiftStudyTests.xctest */ = {isa = PBXFileReference; explicitFileType = wrapper.cfbundle; includeInIndex = 0; path = RxSwiftStudyTests.xctest; sourceTree = BUILT_PRODUCTS_DIR; };
		2D6E49602398CA3200F76915 /* RxSwiftStudyTests.swift */ = {isa = PBXFileReference; lastKnownFileType = sourcecode.swift; path = RxSwiftStudyTests.swift; sourceTree = "<group>"; };
		2D6E49622398CA3200F76915 /* Info.plist */ = {isa = PBXFileReference; lastKnownFileType = text.plist.xml; path = Info.plist; sourceTree = "<group>"; };
		673F1B446F1DEBE5656FFB56 /* Pods-RxSwiftStudyTests.debug.xcconfig */ = {isa = PBXFileReference; includeInIndex = 1; lastKnownFileType = text.xcconfig; name = "Pods-RxSwiftStudyTests.debug.xcconfig"; path = "Target Support Files/Pods-RxSwiftStudyTests/Pods-RxSwiftStudyTests.debug.xcconfig"; sourceTree = "<group>"; };
		8A864A441234B2BCF3D43640 /* Pods-RxSwiftStudyTests.release.xcconfig */ = {isa = PBXFileReference; includeInIndex = 1; lastKnownFileType = text.xcconfig; name = "Pods-RxSwiftStudyTests.release.xcconfig"; path = "Target Support Files/Pods-RxSwiftStudyTests/Pods-RxSwiftStudyTests.release.xcconfig"; sourceTree = "<group>"; };
		E1096EFF27DE3A886BB729BE /* Pods-RxSwiftStudy.release.xcconfig */ = {isa = PBXFileReference; includeInIndex = 1; lastKnownFileType = text.xcconfig; name = "Pods-RxSwiftStudy.release.xcconfig"; path = "Target Support Files/Pods-RxSwiftStudy/Pods-RxSwiftStudy.release.xcconfig"; sourceTree = "<group>"; };
/* End PBXFileReference section */

/* Begin PBXFrameworksBuildPhase section */
		2D6E49452398CA3100F76915 /* Frameworks */ = {
			isa = PBXFrameworksBuildPhase;
			buildActionMask = 2147483647;
			files = (
				3AC454C5BC4E64E90CE9553A /* Pods_RxSwiftStudy.framework in Frameworks */,
			);
			runOnlyForDeploymentPostprocessing = 0;
		};
		2D6E49592398CA3200F76915 /* Frameworks */ = {
			isa = PBXFrameworksBuildPhase;
			buildActionMask = 2147483647;
			files = (
				F8D954EBB07EED166B07244F /* Pods_RxSwiftStudyTests.framework in Frameworks */,
			);
			runOnlyForDeploymentPostprocessing = 0;
		};
/* End PBXFrameworksBuildPhase section */

/* Begin PBXGroup section */
		2D6E493F2398CA3100F76915 = {
			isa = PBXGroup;
			children = (
				2D6E494A2398CA3100F76915 /* RxSwiftStudy */,
				2D6E495F2398CA3200F76915 /* RxSwiftStudyTests */,
				2D6E49492398CA3100F76915 /* Products */,
				7FA83D0B6EE486EFE6EBD146 /* Pods */,
				88D9BB7120B001BEC17961EC /* Frameworks */,
			);
			sourceTree = "<group>";
		};
		2D6E49492398CA3100F76915 /* Products */ = {
			isa = PBXGroup;
			children = (
				2D6E49482398CA3100F76915 /* RxSwiftStudy.app */,
				2D6E495C2398CA3200F76915 /* RxSwiftStudyTests.xctest */,
			);
			name = Products;
			sourceTree = "<group>";
		};
		2D6E494A2398CA3100F76915 /* RxSwiftStudy */ = {
			isa = PBXGroup;
			children = (
				2D6E494B2398CA3100F76915 /* AppDelegate.swift */,
				2D6E494D2398CA3100F76915 /* ViewController.swift */,
				2D6E494F2398CA3100F76915 /* Main.storyboard */,
				2D6E49522398CA3100F76915 /* Assets.xcassets */,
				2D6E49542398CA3100F76915 /* LaunchScreen.storyboard */,
				2D6E49572398CA3100F76915 /* Info.plist */,
			);
			path = RxSwiftStudy;
			sourceTree = "<group>";
		};
		2D6E495F2398CA3200F76915 /* RxSwiftStudyTests */ = {
			isa = PBXGroup;
			children = (
				2D6E49602398CA3200F76915 /* RxSwiftStudyTests.swift */,
				2D6E49622398CA3200F76915 /* Info.plist */,
			);
			path = RxSwiftStudyTests;
			sourceTree = "<group>";
		};
		7FA83D0B6EE486EFE6EBD146 /* Pods */ = {
			isa = PBXGroup;
			children = (
				1042F694BEF96ACA4E290A84 /* Pods-RxSwiftStudy.debug.xcconfig */,
				E1096EFF27DE3A886BB729BE /* Pods-RxSwiftStudy.release.xcconfig */,
				673F1B446F1DEBE5656FFB56 /* Pods-RxSwiftStudyTests.debug.xcconfig */,
				8A864A441234B2BCF3D43640 /* Pods-RxSwiftStudyTests.release.xcconfig */,
			);
			name = Pods;
			path = Pods;
			sourceTree = "<group>";
		};
		88D9BB7120B001BEC17961EC /* Frameworks */ = {
			isa = PBXGroup;
			children = (
				0B39D0F01C41EF82BB8BC9D5 /* Pods_RxSwiftStudy.framework */,
				1EC42737FD1232874BEB6CDE /* Pods_RxSwiftStudyTests.framework */,
			);
			name = Frameworks;
			sourceTree = "<group>";
		};
/* End PBXGroup section */

/* Begin PBXNativeTarget section */
		2D6E49472398CA3100F76915 /* RxSwiftStudy */ = {
			isa = PBXNativeTarget;
			buildConfigurationList = 2D6E49652398CA3200F76915 /* Build configuration list for PBXNativeTarget "RxSwiftStudy" */;
			buildPhases = (
				A12D15E4A3C4116A641CA6BA /* [CP] Check Pods Manifest.lock */,
				2D6E49442398CA3100F76915 /* Sources */,
				2D6E49452398CA3100F76915 /* Frameworks */,
				2D6E49462398CA3100F76915 /* Resources */,
				2F01D2AC3E3100C10A4E1B79 /* [CP] Embed Pods Frameworks */,
			);
			buildRules = (
			);
			dependencies = (
			);
			name = RxSwiftStudy;
			productName = RxSwiftStudy;
			productReference = 2D6E49482398CA3100F76915 /* RxSwiftStudy.app */;
			productType = "com.apple.product-type.application";
		};
		2D6E495B2398CA3200F76915 /* RxSwiftStudyTests */ = {
			isa = PBXNativeTarget;
			buildConfigurationList = 2D6E49682398CA3200F76915 /* Build configuration list for PBXNativeTarget "RxSwiftStudyTests" */;
			buildPhases = (
				ED9B708D4AC6A68D2508CC43 /* [CP] Check Pods Manifest.lock */,
				2D6E49582398CA3200F76915 /* Sources */,
				2D6E49592398CA3200F76915 /* Frameworks */,
				2D6E495A2398CA3200F76915 /* Resources */,
			);
			buildRules = (
			);
			dependencies = (
				2D6E495E2398CA3200F76915 /* PBXTargetDependency */,
			);
			name = RxSwiftStudyTests;
			productName = RxSwiftStudyTests;
			productReference = 2D6E495C2398CA3200F76915 /* RxSwiftStudyTests.xctest */;
			productType = "com.apple.product-type.bundle.unit-test";
		};
/* End PBXNativeTarget section */

/* Begin PBXProject section */
		2D6E49402398CA3100F76915 /* Project object */ = {
			isa = PBXProject;
			attributes = {
				LastSwiftUpdateCheck = 1020;
				LastUpgradeCheck = 1020;
				ORGANIZATIONNAME = "NHN PAYCO";
				TargetAttributes = {
					2D6E49472398CA3100F76915 = {
						CreatedOnToolsVersion = 10.2;
					};
					2D6E495B2398CA3200F76915 = {
						CreatedOnToolsVersion = 10.2;
						TestTargetID = 2D6E49472398CA3100F76915;
					};
				};
			};
			buildConfigurationList = 2D6E49432398CA3100F76915 /* Build configuration list for PBXProject "RxSwiftStudy" */;
			compatibilityVersion = "Xcode 9.3";
			developmentRegion = en;
			hasScannedForEncodings = 0;
			knownRegions = (
				en,
				Base,
			);
			mainGroup = 2D6E493F2398CA3100F76915;
			productRefGroup = 2D6E49492398CA3100F76915 /* Products */;
			projectDirPath = "";
			projectRoot = "";
			targets = (
				2D6E49472398CA3100F76915 /* RxSwiftStudy */,
				2D6E495B2398CA3200F76915 /* RxSwiftStudyTests */,
			);
		};
/* End PBXProject section */

/* Begin PBXResourcesBuildPhase section */
		2D6E49462398CA3100F76915 /* Resources */ = {
			isa = PBXResourcesBuildPhase;
			buildActionMask = 2147483647;
			files = (
				2D6E49562398CA3100F76915 /* LaunchScreen.storyboard in Resources */,
				2D6E49532398CA3100F76915 /* Assets.xcassets in Resources */,
				2D6E49512398CA3100F76915 /* Main.storyboard in Resources */,
			);
			runOnlyForDeploymentPostprocessing = 0;
		};
		2D6E495A2398CA3200F76915 /* Resources */ = {
			isa = PBXResourcesBuildPhase;
			buildActionMask = 2147483647;
			files = (
			);
			runOnlyForDeploymentPostprocessing = 0;
		};
/* End PBXResourcesBuildPhase section */

/* Begin PBXShellScriptBuildPhase section */
		2F01D2AC3E3100C10A4E1B79 /* [CP] Embed Pods Frameworks */ = {
			isa = PBXShellScriptBuildPhase;
			buildActionMask = 2147483647;
			files = (
			);
			inputFileListPaths = (
				"${PODS_ROOT}/Target Support Files/Pods-RxSwiftStudy/Pods-RxSwiftStudy-frameworks-${CONFIGURATION}-input-files.xcfilelist",
			);
			name = "[CP] Embed Pods Frameworks";
			outputFileListPaths = (
				"${PODS_ROOT}/Target Support Files/Pods-RxSwiftStudy/Pods-RxSwiftStudy-frameworks-${CONFIGURATION}-output-files.xcfilelist",
			);
			runOnlyForDeploymentPostprocessing = 0;
			shellPath = /bin/sh;
			shellScript = "\"${PODS_ROOT}/Target Support Files/Pods-RxSwiftStudy/Pods-RxSwiftStudy-frameworks.sh\"\n";
			showEnvVarsInLog = 0;
		};
		A12D15E4A3C4116A641CA6BA /* [CP] Check Pods Manifest.lock */ = {
			isa = PBXShellScriptBuildPhase;
			buildActionMask = 2147483647;
			files = (
			);
			inputFileListPaths = (
			);
			inputPaths = (
				"${PODS_PODFILE_DIR_PATH}/Podfile.lock",
				"${PODS_ROOT}/Manifest.lock",
			);
			name = "[CP] Check Pods Manifest.lock";
			outputFileListPaths = (
			);
			outputPaths = (
				"$(DERIVED_FILE_DIR)/Pods-RxSwiftStudy-checkManifestLockResult.txt",
			);
			runOnlyForDeploymentPostprocessing = 0;
			shellPath = /bin/sh;
			shellScript = "diff \"${PODS_PODFILE_DIR_PATH}/Podfile.lock\" \"${PODS_ROOT}/Manifest.lock\" > /dev/null\nif [ $? != 0 ] ; then\n    # print error to STDERR\n    echo \"error: The sandbox is not in sync with the Podfile.lock. Run 'pod install' or update your CocoaPods installation.\" >&2\n    exit 1\nfi\n# This output is used by Xcode 'outputs' to avoid re-running this script phase.\necho \"SUCCESS\" > \"${SCRIPT_OUTPUT_FILE_0}\"\n";
			showEnvVarsInLog = 0;
		};
		ED9B708D4AC6A68D2508CC43 /* [CP] Check Pods Manifest.lock */ = {
			isa = PBXShellScriptBuildPhase;
			buildActionMask = 2147483647;
			files = (
			);
			inputFileListPaths = (
			);
			inputPaths = (
				"${PODS_PODFILE_DIR_PATH}/Podfile.lock",
				"${PODS_ROOT}/Manifest.lock",
			);
			name = "[CP] Check Pods Manifest.lock";
			outputFileListPaths = (
			);
			outputPaths = (
				"$(DERIVED_FILE_DIR)/Pods-RxSwiftStudyTests-checkManifestLockResult.txt",
			);
			runOnlyForDeploymentPostprocessing = 0;
			shellPath = /bin/sh;
			shellScript = "diff \"${PODS_PODFILE_DIR_PATH}/Podfile.lock\" \"${PODS_ROOT}/Manifest.lock\" > /dev/null\nif [ $? != 0 ] ; then\n    # print error to STDERR\n    echo \"error: The sandbox is not in sync with the Podfile.lock. Run 'pod install' or update your CocoaPods installation.\" >&2\n    exit 1\nfi\n# This output is used by Xcode 'outputs' to avoid re-running this script phase.\necho \"SUCCESS\" > \"${SCRIPT_OUTPUT_FILE_0}\"\n";
			showEnvVarsInLog = 0;
		};
/* End PBXShellScriptBuildPhase section */

/* Begin PBXSourcesBuildPhase section */
		2D6E49442398CA3100F76915 /* Sources */ = {
			isa = PBXSourcesBuildPhase;
			buildActionMask = 2147483647;
			files = (
				2D6E494E2398CA3100F76915 /* ViewController.swift in Sources */,
				2D6E494C2398CA3100F76915 /* AppDelegate.swift in Sources */,
			);
			runOnlyForDeploymentPostprocessing = 0;
		};
		2D6E49582398CA3200F76915 /* Sources */ = {
			isa = PBXSourcesBuildPhase;
			buildActionMask = 2147483647;
			files = (
				2D6E49612398CA3200F76915 /* RxSwiftStudyTests.swift in Sources */,
			);
			runOnlyForDeploymentPostprocessing = 0;
		};
/* End PBXSourcesBuildPhase section */

/* Begin PBXTargetDependency section */
		2D6E495E2398CA3200F76915 /* PBXTargetDependency */ = {
			isa = PBXTargetDependency;
			target = 2D6E49472398CA3100F76915 /* RxSwiftStudy */;
			targetProxy = 2D6E495D2398CA3200F76915 /* PBXContainerItemProxy */;
		};
/* End PBXTargetDependency section */

/* Begin PBXVariantGroup section */
		2D6E494F2398CA3100F76915 /* Main.storyboard */ = {
			isa = PBXVariantGroup;
			children = (
				2D6E49502398CA3100F76915 /* Base */,
			);
			name = Main.storyboard;
			sourceTree = "<group>";
		};
		2D6E49542398CA3100F76915 /* LaunchScreen.storyboard */ = {
			isa = PBXVariantGroup;
			children = (
				2D6E49552398CA3100F76915 /* Base */,
			);
			name = LaunchScreen.storyboard;
			sourceTree = "<group>";
		};
/* End PBXVariantGroup section */

/* Begin XCBuildConfiguration section */
		2D6E49632398CA3200F76915 /* Debug */ = {
			isa = XCBuildConfiguration;
			buildSettings = {
				ALWAYS_SEARCH_USER_PATHS = NO;
				CLANG_ANALYZER_NONNULL = YES;
				CLANG_ANALYZER_NUMBER_OBJECT_CONVERSION = YES_AGGRESSIVE;
				CLANG_CXX_LANGUAGE_STANDARD = "gnu++14";
				CLANG_CXX_LIBRARY = "libc++";
				CLANG_ENABLE_MODULES = YES;
				CLANG_ENABLE_OBJC_ARC = YES;
				CLANG_ENABLE_OBJC_WEAK = YES;
				CLANG_WARN_BLOCK_CAPTURE_AUTORELEASING = YES;
				CLANG_WARN_BOOL_CONVERSION = YES;
				CLANG_WARN_COMMA = YES;
				CLANG_WARN_CONSTANT_CONVERSION = YES;
				CLANG_WARN_DEPRECATED_OBJC_IMPLEMENTATIONS = YES;
				CLANG_WARN_DIRECT_OBJC_ISA_USAGE = YES_ERROR;
				CLANG_WARN_DOCUMENTATION_COMMENTS = YES;
				CLANG_WARN_EMPTY_BODY = YES;
				CLANG_WARN_ENUM_CONVERSION = YES;
				CLANG_WARN_INFINITE_RECURSION = YES;
				CLANG_WARN_INT_CONVERSION = YES;
				CLANG_WARN_NON_LITERAL_NULL_CONVERSION = YES;
				CLANG_WARN_OBJC_IMPLICIT_RETAIN_SELF = YES;
				CLANG_WARN_OBJC_LITERAL_CONVERSION = YES;
				CLANG_WARN_OBJC_ROOT_CLASS = YES_ERROR;
				CLANG_WARN_RANGE_LOOP_ANALYSIS = YES;
				CLANG_WARN_STRICT_PROTOTYPES = YES;
				CLANG_WARN_SUSPICIOUS_MOVE = YES;
				CLANG_WARN_UNGUARDED_AVAILABILITY = YES_AGGRESSIVE;
				CLANG_WARN_UNREACHABLE_CODE = YES;
				CLANG_WARN__DUPLICATE_METHOD_MATCH = YES;
				CODE_SIGN_IDENTITY = "iPhone Developer";
				COPY_PHASE_STRIP = NO;
				DEBUG_INFORMATION_FORMAT = dwarf;
				ENABLE_STRICT_OBJC_MSGSEND = YES;
				ENABLE_TESTABILITY = YES;
				GCC_C_LANGUAGE_STANDARD = gnu11;
				GCC_DYNAMIC_NO_PIC = NO;
				GCC_NO_COMMON_BLOCKS = YES;
				GCC_OPTIMIZATION_LEVEL = 0;
				GCC_PREPROCESSOR_DEFINITIONS = (
					"DEBUG=1",
					"$(inherited)",
				);
				GCC_WARN_64_TO_32_BIT_CONVERSION = YES;
				GCC_WARN_ABOUT_RETURN_TYPE = YES_ERROR;
				GCC_WARN_UNDECLARED_SELECTOR = YES;
				GCC_WARN_UNINITIALIZED_AUTOS = YES_AGGRESSIVE;
				GCC_WARN_UNUSED_FUNCTION = YES;
				GCC_WARN_UNUSED_VARIABLE = YES;
				IPHONEOS_DEPLOYMENT_TARGET = 12.2;
				MTL_ENABLE_DEBUG_INFO = INCLUDE_SOURCE;
				MTL_FAST_MATH = YES;
				ONLY_ACTIVE_ARCH = YES;
				SDKROOT = iphoneos;
				SWIFT_ACTIVE_COMPILATION_CONDITIONS = DEBUG;
				SWIFT_OPTIMIZATION_LEVEL = "-Onone";
			};
			name = Debug;
		};
		2D6E49642398CA3200F76915 /* Release */ = {
			isa = XCBuildConfiguration;
			buildSettings = {
				ALWAYS_SEARCH_USER_PATHS = NO;
				CLANG_ANALYZER_NONNULL = YES;
				CLANG_ANALYZER_NUMBER_OBJECT_CONVERSION = YES_AGGRESSIVE;
				CLANG_CXX_LANGUAGE_STANDARD = "gnu++14";
				CLANG_CXX_LIBRARY = "libc++";
				CLANG_ENABLE_MODULES = YES;
				CLANG_ENABLE_OBJC_ARC = YES;
				CLANG_ENABLE_OBJC_WEAK = YES;
				CLANG_WARN_BLOCK_CAPTURE_AUTORELEASING = YES;
				CLANG_WARN_BOOL_CONVERSION = YES;
				CLANG_WARN_COMMA = YES;
				CLANG_WARN_CONSTANT_CONVERSION = YES;
				CLANG_WARN_DEPRECATED_OBJC_IMPLEMENTATIONS = YES;
				CLANG_WARN_DIRECT_OBJC_ISA_USAGE = YES_ERROR;
				CLANG_WARN_DOCUMENTATION_COMMENTS = YES;
				CLANG_WARN_EMPTY_BODY = YES;
				CLANG_WARN_ENUM_CONVERSION = YES;
				CLANG_WARN_INFINITE_RECURSION = YES;
				CLANG_WARN_INT_CONVERSION = YES;
				CLANG_WARN_NON_LITERAL_NULL_CONVERSION = YES;
				CLANG_WARN_OBJC_IMPLICIT_RETAIN_SELF = YES;
				CLANG_WARN_OBJC_LITERAL_CONVERSION = YES;
				CLANG_WARN_OBJC_ROOT_CLASS = YES_ERROR;
				CLANG_WARN_RANGE_LOOP_ANALYSIS = YES;
				CLANG_WARN_STRICT_PROTOTYPES = YES;
				CLANG_WARN_SUSPICIOUS_MOVE = YES;
				CLANG_WARN_UNGUARDED_AVAILABILITY = YES_AGGRESSIVE;
				CLANG_WARN_UNREACHABLE_CODE = YES;
				CLANG_WARN__DUPLICATE_METHOD_MATCH = YES;
				CODE_SIGN_IDENTITY = "iPhone Developer";
				COPY_PHASE_STRIP = NO;
				DEBUG_INFORMATION_FORMAT = "dwarf-with-dsym";
				ENABLE_NS_ASSERTIONS = NO;
				ENABLE_STRICT_OBJC_MSGSEND = YES;
				GCC_C_LANGUAGE_STANDARD = gnu11;
				GCC_NO_COMMON_BLOCKS = YES;
				GCC_WARN_64_TO_32_BIT_CONVERSION = YES;
				GCC_WARN_ABOUT_RETURN_TYPE = YES_ERROR;
				GCC_WARN_UNDECLARED_SELECTOR = YES;
				GCC_WARN_UNINITIALIZED_AUTOS = YES_AGGRESSIVE;
				GCC_WARN_UNUSED_FUNCTION = YES;
				GCC_WARN_UNUSED_VARIABLE = YES;
				IPHONEOS_DEPLOYMENT_TARGET = 12.2;
				MTL_ENABLE_DEBUG_INFO = NO;
				MTL_FAST_MATH = YES;
				SDKROOT = iphoneos;
				SWIFT_COMPILATION_MODE = wholemodule;
				SWIFT_OPTIMIZATION_LEVEL = "-O";
				VALIDATE_PRODUCT = YES;
			};
			name = Release;
		};
		2D6E49662398CA3200F76915 /* Debug */ = {
			isa = XCBuildConfiguration;
			baseConfigurationReference = 1042F694BEF96ACA4E290A84 /* Pods-RxSwiftStudy.debug.xcconfig */;
			buildSettings = {
				ASSETCATALOG_COMPILER_APPICON_NAME = AppIcon;
				CODE_SIGN_STYLE = Automatic;
				INFOPLIST_FILE = RxSwiftStudy/Info.plist;
				LD_RUNPATH_SEARCH_PATHS = (
					"$(inherited)",
					"@executable_path/Frameworks",
				);
				PRODUCT_BUNDLE_IDENTIFIER = com.nhn.ynag.RxSwiftStudy;
				PRODUCT_NAME = "$(TARGET_NAME)";
				SWIFT_VERSION = 5.0;
				TARGETED_DEVICE_FAMILY = "1,2";
			};
			name = Debug;
		};
		2D6E49672398CA3200F76915 /* Release */ = {
			isa = XCBuildConfiguration;
			baseConfigurationReference = E1096EFF27DE3A886BB729BE /* Pods-RxSwiftStudy.release.xcconfig */;
			buildSettings = {
				ASSETCATALOG_COMPILER_APPICON_NAME = AppIcon;
				CODE_SIGN_STYLE = Automatic;
				INFOPLIST_FILE = RxSwiftStudy/Info.plist;
				LD_RUNPATH_SEARCH_PATHS = (
					"$(inherited)",
					"@executable_path/Frameworks",
				);
				PRODUCT_BUNDLE_IDENTIFIER = com.nhn.ynag.RxSwiftStudy;
				PRODUCT_NAME = "$(TARGET_NAME)";
				SWIFT_VERSION = 5.0;
				TARGETED_DEVICE_FAMILY = "1,2";
			};
			name = Release;
		};
		2D6E49692398CA3200F76915 /* Debug */ = {
			isa = XCBuildConfiguration;
			baseConfigurationReference = 673F1B446F1DEBE5656FFB56 /* Pods-RxSwiftStudyTests.debug.xcconfig */;
			buildSettings = {
				ALWAYS_EMBED_SWIFT_STANDARD_LIBRARIES = YES;
				BUNDLE_LOADER = "$(TEST_HOST)";
				CODE_SIGN_STYLE = Automatic;
				INFOPLIST_FILE = RxSwiftStudyTests/Info.plist;
				LD_RUNPATH_SEARCH_PATHS = (
					"$(inherited)",
					"@executable_path/Frameworks",
					"@loader_path/Frameworks",
				);
				PRODUCT_BUNDLE_IDENTIFIER = com.nhn.ynag.RxSwiftStudyTests;
				PRODUCT_NAME = "$(TARGET_NAME)";
				SWIFT_VERSION = 5.0;
				TARGETED_DEVICE_FAMILY = "1,2";
				TEST_HOST = "$(BUILT_PRODUCTS_DIR)/RxSwiftStudy.app/RxSwiftStudy";
			};
			name = Debug;
		};
		2D6E496A2398CA3200F76915 /* Release */ = {
			isa = XCBuildConfiguration;
			baseConfigurationReference = 8A864A441234B2BCF3D43640 /* Pods-RxSwiftStudyTests.release.xcconfig */;
			buildSettings = {
				ALWAYS_EMBED_SWIFT_STANDARD_LIBRARIES = YES;
				BUNDLE_LOADER = "$(TEST_HOST)";
				CODE_SIGN_STYLE = Automatic;
				INFOPLIST_FILE = RxSwiftStudyTests/Info.plist;
				LD_RUNPATH_SEARCH_PATHS = (
					"$(inherited)",
					"@executable_path/Frameworks",
					"@loader_path/Frameworks",
				);
				PRODUCT_BUNDLE_IDENTIFIER = com.nhn.ynag.RxSwiftStudyTests;
				PRODUCT_NAME = "$(TARGET_NAME)";
				SWIFT_VERSION = 5.0;
				TARGETED_DEVICE_FAMILY = "1,2";
				TEST_HOST = "$(BUILT_PRODUCTS_DIR)/RxSwiftStudy.app/RxSwiftStudy";
			};
			name = Release;
		};
/* End XCBuildConfiguration section */

/* Begin XCConfigurationList section */
		2D6E49432398CA3100F76915 /* Build configuration list for PBXProject "RxSwiftStudy" */ = {
			isa = XCConfigurationList;
			buildConfigurations = (
				2D6E49632398CA3200F76915 /* Debug */,
				2D6E49642398CA3200F76915 /* Release */,
			);
			defaultConfigurationIsVisible = 0;
			defaultConfigurationName = Release;
		};
		2D6E49652398CA3200F76915 /* Build configuration list for PBXNativeTarget "RxSwiftStudy" */ = {
			isa = XCConfigurationList;
			buildConfigurations = (
				2D6E49662398CA3200F76915 /* Debug */,
				2D6E49672398CA3200F76915 /* Release */,
			);
			defaultConfigurationIsVisible = 0;
			defaultConfigurationName = Release;
		};
		2D6E49682398CA3200F76915 /* Build configuration list for PBXNativeTarget "RxSwiftStudyTests" */ = {
			isa = XCConfigurationList;
			buildConfigurations = (
				2D6E49692398CA3200F76915 /* Debug */,
				2D6E496A2398CA3200F76915 /* Release */,
			);
			defaultConfigurationIsVisible = 0;
			defaultConfigurationName = Release;
		};
/* End XCConfigurationList section */
	};
	rootObject = 2D6E49402398CA3100F76915 /* Project object */;
}
